
Microsoft Visual Studio Solution File, Format Version 12.00
# Visual Studio 15
VisualStudioVersion = 15.0.26615.0
MinimumVisualStudioVersion = 10.0.40219.1
Project("{FAE04EC0-301F-11D3-BF4B-00C04F79EFBC}") = "ModularApplication", "ModularApplication\ModularApplication.csproj", "{18306969-7E87-4207-A4F0-36968EF2C580}"
EndProject
Project("{FAE04EC0-301F-11D3-BF4B-00C04F79EFBC}") = "Module1", "Module1\Module1.csproj", "{865BB2F1-9F18-4A1F-951B-78FBDC75EA4E}"
EndProject
Project("{FAE04EC0-301F-11D3-BF4B-00C04F79EFBC}") = "Module2", "Module2\Module2.csproj", "{4BB6F881-9BA8-47D6-BD48-605335FB397A}"
EndProject
Project("{FAE04EC0-301F-11D3-BF4B-00C04F79EFBC}") = "MultiTenantApplication", "MultiTenantApplication\MultiTenantApplication.csproj", "{828028EC-CBBD-4BA0-9E95-D49BF72F103F}"
EndProject
Global
	GlobalSection(SolutionConfigurationPlatforms) = preSolution
		Debug|Any CPU = Debug|Any CPU
		Release|Any CPU = Release|Any CPU
	EndGlobalSection
	GlobalSection(ProjectConfigurationPlatforms) = postSolution
		{18306969-7E87-4207-A4F0-36968EF2C580}.Debug|Any CPU.ActiveCfg = Debug|Any CPU
		{18306969-7E87-4207-A4F0-36968EF2C580}.Debug|Any CPU.Build.0 = Debug|Any CPU
		{18306969-7E87-4207-A4F0-36968EF2C580}.Release|Any CPU.ActiveCfg = Release|Any CPU
		{18306969-7E87-4207-A4F0-36968EF2C580}.Release|Any CPU.Build.0 = Release|Any CPU
		{865BB2F1-9F18-4A1F-951B-78FBDC75EA4E}.Debug|Any CPU.ActiveCfg = Debug|Any CPU
		{865BB2F1-9F18-4A1F-951B-78FBDC75EA4E}.Debug|Any CPU.Build.0 = Debug|Any CPU
		{865BB2F1-9F18-4A1F-951B-78FBDC75EA4E}.Release|Any CPU.ActiveCfg = Release|Any CPU
		{865BB2F1-9F18-4A1F-951B-78FBDC75EA4E}.Release|Any CPU.Build.0 = Release|Any CPU
		{4BB6F881-9BA8-47D6-BD48-605335FB397A}.Debug|Any CPU.ActiveCfg = Debug|Any CPU
		{4BB6F881-9BA8-47D6-BD48-605335FB397A}.Debug|Any CPU.Build.0 = Debug|Any CPU
		{4BB6F881-9BA8-47D6-BD48-605335FB397A}.Release|Any CPU.ActiveCfg = Release|Any CPU
		{4BB6F881-9BA8-47D6-BD48-605335FB397A}.Release|Any CPU.Build.0 = Release|Any CPU
		{828028EC-CBBD-4BA0-9E95-D49BF72F103F}.Debug|Any CPU.ActiveCfg = Debug|Any CPU
		{828028EC-CBBD-4BA0-9E95-D49BF72F103F}.Debug|Any CPU.Build.0 = Debug|Any CPU
		{828028EC-CBBD-4BA0-9E95-D49BF72F103F}.Release|Any CPU.ActiveCfg = Release|Any CPU
		{828028EC-CBBD-4BA0-9E95-D49BF72F103F}.Release|Any CPU.Build.0 = Release|Any CPU
	EndGlobalSection
	GlobalSection(SolutionProperties) = preSolution
		HideSolutionNode = FALSE
	EndGlobalSection
	GlobalSection(ExtensibilityGlobals) = postSolution
		SolutionGuid = {9A8C2285-A6C7-4B4F-8193-B4917A8E81BF}
	EndGlobalSection
EndGlobal
