
Microsoft Visual Studio Solution File, Format Version 12.00
# Visual Studio Version 17
VisualStudioVersion = 17.4.33205.214
MinimumVisualStudioVersion = 10.0.40219.1
Project("{2150E333-8FDC-42A3-9474-1A3956D46DE8}") = "Solution Items", "Solution Items", "{CC55DC3E-7C9E-4599-B7B4-6372B8E0CFB4}"
	ProjectSection(SolutionItems) = preProject
		.gitignore = .gitignore
		LICENSE.txt = LICENSE.txt
		NuGet.config = NuGet.config
		README.md = README.md
	EndProjectSection
EndProject
Project("{9A19103F-16F7-4668-BE54-9A1E7A4F7556}") = "DashboardApplication", "DashboardApplication\DashboardApplication.csproj", "{1E751DAB-8A21-48EB-96E4-F0ED9C999462}"
EndProject
Project("{9A19103F-16F7-4668-BE54-9A1E7A4F7556}") = "AdminDashboard.Server", "AdminDashboard.Server\AdminDashboard.Server.csproj", "{E243A77B-65BC-4F38-BEFE-C01DD4268EE8}"
EndProject
Global
	GlobalSection(SolutionConfigurationPlatforms) = preSolution
		Debug|Any CPU = Debug|Any CPU
		Release|Any CPU = Release|Any CPU
	EndGlobalSection
	GlobalSection(ProjectConfigurationPlatforms) = postSolution
		{1E751DAB-8A21-48EB-96E4-F0ED9C999462}.Debug|Any CPU.ActiveCfg = Debug|Any CPU
		{1E751DAB-8A21-48EB-96E4-F0ED9C999462}.Debug|Any CPU.Build.0 = Debug|Any CPU
		{1E751DAB-8A21-48EB-96E4-F0ED9C999462}.Release|Any CPU.ActiveCfg = Release|Any CPU
		{1E751DAB-8A21-48EB-96E4-F0ED9C999462}.Release|Any CPU.Build.0 = Release|Any CPU
		{E243A77B-65BC-4F38-BEFE-C01DD4268EE8}.Debug|Any CPU.ActiveCfg = Debug|Any CPU
		{E243A77B-65BC-4F38-BEFE-C01DD4268EE8}.Debug|Any CPU.Build.0 = Debug|Any CPU
		{E243A77B-65BC-4F38-BEFE-C01DD4268EE8}.Release|Any CPU.ActiveCfg = Release|Any CPU
		{E243A77B-65BC-4F38-BEFE-C01DD4268EE8}.Release|Any CPU.Build.0 = Release|Any CPU
	EndGlobalSection
	GlobalSection(SolutionProperties) = preSolution
		HideSolutionNode = FALSE
	EndGlobalSection
	GlobalSection(ExtensibilityGlobals) = postSolution
		SolutionGuid = {0AD5090C-3961-4E2B-9C72-D91ED2E7C1FA}
	EndGlobalSection
EndGlobal
